
Microsoft Visual Studio Solution File, Format Version 12.00
# Visual Studio 15
Project("{FAE04EC0-301F-11D3-BF4B-00C04F79EFBC}") = "HackerRank", "HackerRank\HackerRank.csproj", "{C7990FF4-9970-49FA-AE0E-EDA965D6CE97}"
EndProject
Global
	GlobalSection(SolutionConfigurationPlatforms) = preSolution
		Debug|anycpu = Debug|anycpu
		Release|anycpu = Release|anycpu
	EndGlobalSection
	GlobalSection(ProjectConfigurationPlatforms) = postSolution
		{C7990FF4-9970-49FA-AE0E-EDA965D6CE97}.Debug|anycpu.ActiveCfg = Debug|anycpu
		{C7990FF4-9970-49FA-AE0E-EDA965D6CE97}.Debug|anycpu.Build.0 = Debug|anycpu
		{C7990FF4-9970-49FA-AE0E-EDA965D6CE97}.Release|anycpu.ActiveCfg = Release|anycpu
		{C7990FF4-9970-49FA-AE0E-EDA965D6CE97}.Release|anycpu.Build.0 = Release|anycpu
	EndGlobalSection
EndGlobal
